
Microsoft Visual Studio Solution File, Format Version 12.00
# Visual Studio Version 16
VisualStudioVersion = 16.0.31205.134
MinimumVisualStudioVersion = 10.0.40219.1
Project("{9A19103F-16F7-4668-BE54-9A1E7A4F7556}") = "Inlämningsuppgift 1 L0002B", "Inlämningsuppgift 1 L0002B.csproj", "{0B9A265F-DC3F-433E-928A-A20FEA4B2351}"
EndProject
Global
	GlobalSection(SolutionConfigurationPlatforms) = preSolution
		Debug|Any CPU = Debug|Any CPU
		Release|Any CPU = Release|Any CPU
	EndGlobalSection
	GlobalSection(ProjectConfigurationPlatforms) = postSolution
		{0B9A265F-DC3F-433E-928A-A20FEA4B2351}.Debug|Any CPU.ActiveCfg = Debug|Any CPU
		{0B9A265F-DC3F-433E-928A-A20FEA4B2351}.Debug|Any CPU.Build.0 = Debug|Any CPU
		{0B9A265F-DC3F-433E-928A-A20FEA4B2351}.Release|Any CPU.ActiveCfg = Release|Any CPU
		{0B9A265F-DC3F-433E-928A-A20FEA4B2351}.Release|Any CPU.Build.0 = Release|Any CPU
	EndGlobalSection
	GlobalSection(SolutionProperties) = preSolution
		HideSolutionNode = FALSE
	EndGlobalSection
	GlobalSection(ExtensibilityGlobals) = postSolution
		SolutionGuid = {33B5E19A-29B7-4377-AF0F-1A1C335DD346}
	EndGlobalSection
EndGlobal
